
Microsoft Visual Studio Solution File, Format Version 12.00
# Visual Studio Version 17
VisualStudioVersion = 17.6.33829.357
MinimumVisualStudioVersion = 10.0.40219.1
Project("{FAE04EC0-301F-11D3-BF4B-00C04F79EFBC}") = "loginForm", "loginForm.csproj", "{FA72631C-17F5-4A48-84CF-BED2F7245916}"
EndProject
Global
	GlobalSection(SolutionConfigurationPlatforms) = preSolution
		Debug|Any CPU = Debug|Any CPU
		Release|Any CPU = Release|Any CPU
	EndGlobalSection
	GlobalSection(ProjectConfigurationPlatforms) = postSolution
		{FA72631C-17F5-4A48-84CF-BED2F7245916}.Debug|Any CPU.ActiveCfg = Debug|Any CPU
		{FA72631C-17F5-4A48-84CF-BED2F7245916}.Debug|Any CPU.Build.0 = Debug|Any CPU
		{FA72631C-17F5-4A48-84CF-BED2F7245916}.Release|Any CPU.ActiveCfg = Release|Any CPU
		{FA72631C-17F5-4A48-84CF-BED2F7245916}.Release|Any CPU.Build.0 = Release|Any CPU
	EndGlobalSection
	GlobalSection(SolutionProperties) = preSolution
		HideSolutionNode = FALSE
	EndGlobalSection
	GlobalSection(ExtensibilityGlobals) = postSolution
		SolutionGuid = {C65F0BEB-E3C4-4E50-90EA-C5F7C4A3F736}
	EndGlobalSection
EndGlobal
