
Microsoft Visual Studio Solution File, Format Version 12.00
# Visual Studio Version 17
VisualStudioVersion = 17.6.33829.357
MinimumVisualStudioVersion = 10.0.40219.1
Project("{FAE04EC0-301F-11D3-BF4B-00C04F79EFBC}") = "05.Stream", "05.Stream.csproj", "{B5921149-B202-434E-B094-DFA188748B2D}"
EndProject
Global
	GlobalSection(SolutionConfigurationPlatforms) = preSolution
		Debug|Any CPU = Debug|Any CPU
		Release|Any CPU = Release|Any CPU
	EndGlobalSection
	GlobalSection(ProjectConfigurationPlatforms) = postSolution
		{B5921149-B202-434E-B094-DFA188748B2D}.Debug|Any CPU.ActiveCfg = Debug|Any CPU
		{B5921149-B202-434E-B094-DFA188748B2D}.Debug|Any CPU.Build.0 = Debug|Any CPU
		{B5921149-B202-434E-B094-DFA188748B2D}.Release|Any CPU.ActiveCfg = Release|Any CPU
		{B5921149-B202-434E-B094-DFA188748B2D}.Release|Any CPU.Build.0 = Release|Any CPU
	EndGlobalSection
	GlobalSection(SolutionProperties) = preSolution
		HideSolutionNode = FALSE
	EndGlobalSection
	GlobalSection(ExtensibilityGlobals) = postSolution
		SolutionGuid = {A5482E80-2071-4073-ACC3-A8BA6DDD1E70}
	EndGlobalSection
EndGlobal
