
Microsoft Visual Studio Solution File, Format Version 12.00
# Visual Studio Version 17
VisualStudioVersion = 17.6.33829.357
MinimumVisualStudioVersion = 10.0.40219.1
Project("{FAE04EC0-301F-11D3-BF4B-00C04F79EFBC}") = "07.Interrupt", "07.Interrupt.csproj", "{86A706EC-890F-4E0F-A43F-F5C973173A55}"
EndProject
Global
	GlobalSection(SolutionConfigurationPlatforms) = preSolution
		Debug|Any CPU = Debug|Any CPU
		Release|Any CPU = Release|Any CPU
	EndGlobalSection
	GlobalSection(ProjectConfigurationPlatforms) = postSolution
		{86A706EC-890F-4E0F-A43F-F5C973173A55}.Debug|Any CPU.ActiveCfg = Debug|Any CPU
		{86A706EC-890F-4E0F-A43F-F5C973173A55}.Debug|Any CPU.Build.0 = Debug|Any CPU
		{86A706EC-890F-4E0F-A43F-F5C973173A55}.Release|Any CPU.ActiveCfg = Release|Any CPU
		{86A706EC-890F-4E0F-A43F-F5C973173A55}.Release|Any CPU.Build.0 = Release|Any CPU
	EndGlobalSection
	GlobalSection(SolutionProperties) = preSolution
		HideSolutionNode = FALSE
	EndGlobalSection
	GlobalSection(ExtensibilityGlobals) = postSolution
		SolutionGuid = {045A69DD-1723-4084-810D-967917D87A4C}
	EndGlobalSection
EndGlobal
