
Microsoft Visual Studio Solution File, Format Version 12.00
# Visual Studio Version 17
VisualStudioVersion = 17.6.33829.357
MinimumVisualStudioVersion = 10.0.40219.1
Project("{FAE04EC0-301F-11D3-BF4B-00C04F79EFBC}") = "08.threading.task", "08.threading.task.csproj", "{04D6FBEE-E176-4114-9AE3-A8A0181B0F6F}"
EndProject
Global
	GlobalSection(SolutionConfigurationPlatforms) = preSolution
		Debug|Any CPU = Debug|Any CPU
		Release|Any CPU = Release|Any CPU
	EndGlobalSection
	GlobalSection(ProjectConfigurationPlatforms) = postSolution
		{04D6FBEE-E176-4114-9AE3-A8A0181B0F6F}.Debug|Any CPU.ActiveCfg = Debug|Any CPU
		{04D6FBEE-E176-4114-9AE3-A8A0181B0F6F}.Debug|Any CPU.Build.0 = Debug|Any CPU
		{04D6FBEE-E176-4114-9AE3-A8A0181B0F6F}.Release|Any CPU.ActiveCfg = Release|Any CPU
		{04D6FBEE-E176-4114-9AE3-A8A0181B0F6F}.Release|Any CPU.Build.0 = Release|Any CPU
	EndGlobalSection
	GlobalSection(SolutionProperties) = preSolution
		HideSolutionNode = FALSE
	EndGlobalSection
	GlobalSection(ExtensibilityGlobals) = postSolution
		SolutionGuid = {3B69A8CD-381D-4427-8134-A99DA127FE0B}
	EndGlobalSection
EndGlobal
