
Microsoft Visual Studio Solution File, Format Version 12.00
# Visual Studio Version 17
VisualStudioVersion = 17.6.33829.357
MinimumVisualStudioVersion = 10.0.40219.1
Project("{FAE04EC0-301F-11D3-BF4B-00C04F79EFBC}") = "ConsoleApp1", "ConsoleApp1\ConsoleApp1.csproj", "{C51A2672-8A36-47D5-BD87-7C157AD0476D}"
EndProject
Global
	GlobalSection(SolutionConfigurationPlatforms) = preSolution
		Debug|Any CPU = Debug|Any CPU
		Release|Any CPU = Release|Any CPU
	EndGlobalSection
	GlobalSection(ProjectConfigurationPlatforms) = postSolution
		{C51A2672-8A36-47D5-BD87-7C157AD0476D}.Debug|Any CPU.ActiveCfg = Debug|Any CPU
		{C51A2672-8A36-47D5-BD87-7C157AD0476D}.Debug|Any CPU.Build.0 = Debug|Any CPU
		{C51A2672-8A36-47D5-BD87-7C157AD0476D}.Release|Any CPU.ActiveCfg = Release|Any CPU
		{C51A2672-8A36-47D5-BD87-7C157AD0476D}.Release|Any CPU.Build.0 = Release|Any CPU
	EndGlobalSection
	GlobalSection(SolutionProperties) = preSolution
		HideSolutionNode = FALSE
	EndGlobalSection
	GlobalSection(ExtensibilityGlobals) = postSolution
		SolutionGuid = {31DF7612-1E18-419D-A0F8-8A0CE3C45175}
	EndGlobalSection
EndGlobal
