
Microsoft Visual Studio Solution File, Format Version 12.00
# Visual Studio Version 17
VisualStudioVersion = 17.6.33829.357
MinimumVisualStudioVersion = 10.0.40219.1
Project("{FAE04EC0-301F-11D3-BF4B-00C04F79EFBC}") = "04.filedirectory", "04.filedirectory.csproj", "{AE4E0C85-90F2-4109-B3B1-B9487F6AE9ED}"
EndProject
Global
	GlobalSection(SolutionConfigurationPlatforms) = preSolution
		Debug|Any CPU = Debug|Any CPU
		Release|Any CPU = Release|Any CPU
	EndGlobalSection
	GlobalSection(ProjectConfigurationPlatforms) = postSolution
		{AE4E0C85-90F2-4109-B3B1-B9487F6AE9ED}.Debug|Any CPU.ActiveCfg = Debug|Any CPU
		{AE4E0C85-90F2-4109-B3B1-B9487F6AE9ED}.Debug|Any CPU.Build.0 = Debug|Any CPU
		{AE4E0C85-90F2-4109-B3B1-B9487F6AE9ED}.Release|Any CPU.ActiveCfg = Release|Any CPU
		{AE4E0C85-90F2-4109-B3B1-B9487F6AE9ED}.Release|Any CPU.Build.0 = Release|Any CPU
	EndGlobalSection
	GlobalSection(SolutionProperties) = preSolution
		HideSolutionNode = FALSE
	EndGlobalSection
	GlobalSection(ExtensibilityGlobals) = postSolution
		SolutionGuid = {5AB9F020-83B4-4682-B734-8C317F00D06B}
	EndGlobalSection
EndGlobal
